Microsoft Visual Studio Solution File, Format Version 12.00
# Visual Studio Version 17
VisualStudioVersion = 17.5.2.0
MinimumVisualStudioVersion = 10.0.40219.1
Project("{9A19103F-16F7-4668-BE54-9A1E7A4F7556}") = "EdgeOTA", "EdgeOTA\EdgeOTA.csproj", "{77B12C4C-E35E-75A7-4A43-6DAEF7348198}"
EndProject
Project("{9A19103F-16F7-4668-BE54-9A1E7A4F7556}") = "Senparc.Xncf.NeuCharBoxEdgeSimp", "Senparc.Xncf.NeuCharBoxEdgeSimp\Senparc.Xncf.NeuCharBoxEdgeSimp.csproj", "{A9908087-EDF7-E90E-71FE-1F9AA028452D}"
EndProject
Project("{9A19103F-16F7-4668-BE54-9A1E7A4F7556}") = "EdgeLed", "Examples\EdgeLed\EdgeLed.csproj", "{56D7905C-6C5D-41BE-AA10-5DF996011AEF}"
EndProject
Global
	GlobalSection(SolutionConfigurationPlatforms) = preSolution
		Debug|Any CPU = Debug|Any CPU
		Release|Any CPU = Release|Any CPU
	EndGlobalSection
	GlobalSection(ProjectConfigurationPlatforms) = postSolution
		{77B12C4C-E35E-75A7-4A43-6DAEF7348198}.Debug|Any CPU.ActiveCfg = Debug|Any CPU
		{77B12C4C-E35E-75A7-4A43-6DAEF7348198}.Debug|Any CPU.Build.0 = Debug|Any CPU
		{77B12C4C-E35E-75A7-4A43-6DAEF7348198}.Release|Any CPU.ActiveCfg = Release|Any CPU
		{77B12C4C-E35E-75A7-4A43-6DAEF7348198}.Release|Any CPU.Build.0 = Release|Any CPU
		{A9908087-EDF7-E90E-71FE-1F9AA028452D}.Debug|Any CPU.ActiveCfg = Debug|Any CPU
		{A9908087-EDF7-E90E-71FE-1F9AA028452D}.Debug|Any CPU.Build.0 = Debug|Any CPU
		{A9908087-EDF7-E90E-71FE-1F9AA028452D}.Release|Any CPU.ActiveCfg = Release|Any CPU
		{A9908087-EDF7-E90E-71FE-1F9AA028452D}.Release|Any CPU.Build.0 = Release|Any CPU
		{56D7905C-6C5D-41BE-AA10-5DF996011AEF}.Debug|Any CPU.ActiveCfg = Debug|Any CPU
		{56D7905C-6C5D-41BE-AA10-5DF996011AEF}.Debug|Any CPU.Build.0 = Debug|Any CPU
		{56D7905C-6C5D-41BE-AA10-5DF996011AEF}.Release|Any CPU.ActiveCfg = Release|Any CPU
		{56D7905C-6C5D-41BE-AA10-5DF996011AEF}.Release|Any CPU.Build.0 = Release|Any CPU
	EndGlobalSection
	GlobalSection(SolutionProperties) = preSolution
		HideSolutionNode = FALSE
	EndGlobalSection
	GlobalSection(ExtensibilityGlobals) = postSolution
		SolutionGuid = {0F489D99-B604-47BE-845A-37186B5C6696}
	EndGlobalSection
EndGlobal
